
Microsoft Visual Studio Solution File, Format Version 12.00
# Visual Studio 15
VisualStudioVersion = 15.0.26430.16
MinimumVisualStudioVersion = 10.0.40219.1
Project("{FAE04EC0-301F-11D3-BF4B-00C04F79EFBC}") = "FibonachiRecursion", "ConsoleApp1\FibonachiRecursion.csproj", "{BEBC4B4B-8969-47F8-A094-5EFF98594029}"
EndProject
Project("{FAE04EC0-301F-11D3-BF4B-00C04F79EFBC}") = "FibonachiIterative", "FibonachiIterative\FibonachiIterative.csproj", "{8EA22AA2-F63A-44D1-A305-FC559CDA126D}"
EndProject
Project("{FAE04EC0-301F-11D3-BF4B-00C04F79EFBC}") = "NNestedLoops", "NNestedLoops\NNestedLoops.csproj", "{8A5182A7-C6E2-4247-AE59-4F71BA3937DB}"
EndProject
Global
	GlobalSection(SolutionConfigurationPlatforms) = preSolution
		Debug|Any CPU = Debug|Any CPU
		Release|Any CPU = Release|Any CPU
	EndGlobalSection
	GlobalSection(ProjectConfigurationPlatforms) = postSolution
		{BEBC4B4B-8969-47F8-A094-5EFF98594029}.Debug|Any CPU.ActiveCfg = Debug|Any CPU
		{BEBC4B4B-8969-47F8-A094-5EFF98594029}.Debug|Any CPU.Build.0 = Debug|Any CPU
		{BEBC4B4B-8969-47F8-A094-5EFF98594029}.Release|Any CPU.ActiveCfg = Release|Any CPU
		{BEBC4B4B-8969-47F8-A094-5EFF98594029}.Release|Any CPU.Build.0 = Release|Any CPU
		{8EA22AA2-F63A-44D1-A305-FC559CDA126D}.Debug|Any CPU.ActiveCfg = Debug|Any CPU
		{8EA22AA2-F63A-44D1-A305-FC559CDA126D}.Debug|Any CPU.Build.0 = Debug|Any CPU
		{8EA22AA2-F63A-44D1-A305-FC559CDA126D}.Release|Any CPU.ActiveCfg = Release|Any CPU
		{8EA22AA2-F63A-44D1-A305-FC559CDA126D}.Release|Any CPU.Build.0 = Release|Any CPU
		{8A5182A7-C6E2-4247-AE59-4F71BA3937DB}.Debug|Any CPU.ActiveCfg = Debug|Any CPU
		{8A5182A7-C6E2-4247-AE59-4F71BA3937DB}.Debug|Any CPU.Build.0 = Debug|Any CPU
		{8A5182A7-C6E2-4247-AE59-4F71BA3937DB}.Release|Any CPU.ActiveCfg = Release|Any CPU
		{8A5182A7-C6E2-4247-AE59-4F71BA3937DB}.Release|Any CPU.Build.0 = Release|Any CPU
	EndGlobalSection
	GlobalSection(SolutionProperties) = preSolution
		HideSolutionNode = FALSE
	EndGlobalSection
EndGlobal
