
Microsoft Visual Studio Solution File, Format Version 12.00
# Visual Studio 15
VisualStudioVersion = 15.0.26430.16
MinimumVisualStudioVersion = 10.0.40219.1
Project("{FAE04EC0-301F-11D3-BF4B-00C04F79EFBC}") = "1.Guards", "ConsoleApp1\1.Guards.csproj", "{39E16C7A-1F2F-4BB9-B5DB-555BBE214C6A}"
EndProject
Project("{FAE04EC0-301F-11D3-BF4B-00C04F79EFBC}") = "PlRank", "Guards_BigVic\PlRank.csproj", "{76020758-AAA8-4DFC-8058-746E77D8BD81}"
EndProject
Project("{FAE04EC0-301F-11D3-BF4B-00C04F79EFBC}") = "2.Conference", "2.Conference\2.Conference.csproj", "{FC9BDF46-A2CA-4D4D-9AC9-61DCE3921741}"
EndProject
Project("{FAE04EC0-301F-11D3-BF4B-00C04F79EFBC}") = "3.PlayerRanking", "3.PlayerRanking\3.PlayerRanking.csproj", "{36B7C65E-7A67-4E6F-89B3-118441A41A78}"
EndProject
Project("{FAE04EC0-301F-11D3-BF4B-00C04F79EFBC}") = "UnitOfWork", "UnitOfWork\UnitOfWork.csproj", "{9166A313-741C-4D73-B9D5-AAD7719686BE}"
EndProject
Project("{FAE04EC0-301F-11D3-BF4B-00C04F79EFBC}") = "pr", "pr\pr.csproj", "{B9F4F46B-CD99-4B6B-B686-1D8A97CBACA3}"
EndProject
Project("{FAE04EC0-301F-11D3-BF4B-00C04F79EFBC}") = "OnlineMarket", "OnlineMarket\OnlineMarket.csproj", "{54BC02D1-A691-49AC-8E61-14413E62B5BE}"
EndProject
Project("{FAE04EC0-301F-11D3-BF4B-00C04F79EFBC}") = "OfficeSpaceeee", "OfficeSpaceeee\OfficeSpaceeee.csproj", "{DFB91B43-F49D-437D-AB89-EE49BC1CFC0B}"
EndProject
Project("{FAE04EC0-301F-11D3-BF4B-00C04F79EFBC}") = "Hadera_office", "Hadera_office\Hadera_office.csproj", "{18E477BF-DFBF-4E3E-AD32-4AA6A6EE8ADF}"
EndProject
Project("{FAE04EC0-301F-11D3-BF4B-00C04F79EFBC}") = "GoldFever", "GoldFever\GoldFever.csproj", "{C5DD4E20-1C90-4DE5-99C5-91B77096CD24}"
EndProject
Project("{FAE04EC0-301F-11D3-BF4B-00C04F79EFBC}") = "ppp", "ppp\ppp.csproj", "{02B90E83-FDE6-46F5-AEE4-1D00DC507023}"
EndProject
Global
	GlobalSection(SolutionConfigurationPlatforms) = preSolution
		Debug|Any CPU = Debug|Any CPU
		Release|Any CPU = Release|Any CPU
	EndGlobalSection
	GlobalSection(ProjectConfigurationPlatforms) = postSolution
		{39E16C7A-1F2F-4BB9-B5DB-555BBE214C6A}.Debug|Any CPU.ActiveCfg = Debug|Any CPU
		{39E16C7A-1F2F-4BB9-B5DB-555BBE214C6A}.Debug|Any CPU.Build.0 = Debug|Any CPU
		{39E16C7A-1F2F-4BB9-B5DB-555BBE214C6A}.Release|Any CPU.ActiveCfg = Release|Any CPU
		{39E16C7A-1F2F-4BB9-B5DB-555BBE214C6A}.Release|Any CPU.Build.0 = Release|Any CPU
		{76020758-AAA8-4DFC-8058-746E77D8BD81}.Debug|Any CPU.ActiveCfg = Debug|Any CPU
		{76020758-AAA8-4DFC-8058-746E77D8BD81}.Debug|Any CPU.Build.0 = Debug|Any CPU
		{76020758-AAA8-4DFC-8058-746E77D8BD81}.Release|Any CPU.ActiveCfg = Release|Any CPU
		{76020758-AAA8-4DFC-8058-746E77D8BD81}.Release|Any CPU.Build.0 = Release|Any CPU
		{FC9BDF46-A2CA-4D4D-9AC9-61DCE3921741}.Debug|Any CPU.ActiveCfg = Debug|Any CPU
		{FC9BDF46-A2CA-4D4D-9AC9-61DCE3921741}.Debug|Any CPU.Build.0 = Debug|Any CPU
		{FC9BDF46-A2CA-4D4D-9AC9-61DCE3921741}.Release|Any CPU.ActiveCfg = Release|Any CPU
		{FC9BDF46-A2CA-4D4D-9AC9-61DCE3921741}.Release|Any CPU.Build.0 = Release|Any CPU
		{36B7C65E-7A67-4E6F-89B3-118441A41A78}.Debug|Any CPU.ActiveCfg = Debug|Any CPU
		{36B7C65E-7A67-4E6F-89B3-118441A41A78}.Debug|Any CPU.Build.0 = Debug|Any CPU
		{36B7C65E-7A67-4E6F-89B3-118441A41A78}.Release|Any CPU.ActiveCfg = Release|Any CPU
		{36B7C65E-7A67-4E6F-89B3-118441A41A78}.Release|Any CPU.Build.0 = Release|Any CPU
		{9166A313-741C-4D73-B9D5-AAD7719686BE}.Debug|Any CPU.ActiveCfg = Debug|Any CPU
		{9166A313-741C-4D73-B9D5-AAD7719686BE}.Debug|Any CPU.Build.0 = Debug|Any CPU
		{9166A313-741C-4D73-B9D5-AAD7719686BE}.Release|Any CPU.ActiveCfg = Release|Any CPU
		{9166A313-741C-4D73-B9D5-AAD7719686BE}.Release|Any CPU.Build.0 = Release|Any CPU
		{B9F4F46B-CD99-4B6B-B686-1D8A97CBACA3}.Debug|Any CPU.ActiveCfg = Debug|Any CPU
		{B9F4F46B-CD99-4B6B-B686-1D8A97CBACA3}.Debug|Any CPU.Build.0 = Debug|Any CPU
		{B9F4F46B-CD99-4B6B-B686-1D8A97CBACA3}.Release|Any CPU.ActiveCfg = Release|Any CPU
		{B9F4F46B-CD99-4B6B-B686-1D8A97CBACA3}.Release|Any CPU.Build.0 = Release|Any CPU
		{54BC02D1-A691-49AC-8E61-14413E62B5BE}.Debug|Any CPU.ActiveCfg = Debug|Any CPU
		{54BC02D1-A691-49AC-8E61-14413E62B5BE}.Debug|Any CPU.Build.0 = Debug|Any CPU
		{54BC02D1-A691-49AC-8E61-14413E62B5BE}.Release|Any CPU.ActiveCfg = Release|Any CPU
		{54BC02D1-A691-49AC-8E61-14413E62B5BE}.Release|Any CPU.Build.0 = Release|Any CPU
		{DFB91B43-F49D-437D-AB89-EE49BC1CFC0B}.Debug|Any CPU.ActiveCfg = Debug|Any CPU
		{DFB91B43-F49D-437D-AB89-EE49BC1CFC0B}.Debug|Any CPU.Build.0 = Debug|Any CPU
		{DFB91B43-F49D-437D-AB89-EE49BC1CFC0B}.Release|Any CPU.ActiveCfg = Release|Any CPU
		{DFB91B43-F49D-437D-AB89-EE49BC1CFC0B}.Release|Any CPU.Build.0 = Release|Any CPU
		{18E477BF-DFBF-4E3E-AD32-4AA6A6EE8ADF}.Debug|Any CPU.ActiveCfg = Debug|Any CPU
		{18E477BF-DFBF-4E3E-AD32-4AA6A6EE8ADF}.Debug|Any CPU.Build.0 = Debug|Any CPU
		{18E477BF-DFBF-4E3E-AD32-4AA6A6EE8ADF}.Release|Any CPU.ActiveCfg = Release|Any CPU
		{18E477BF-DFBF-4E3E-AD32-4AA6A6EE8ADF}.Release|Any CPU.Build.0 = Release|Any CPU
		{C5DD4E20-1C90-4DE5-99C5-91B77096CD24}.Debug|Any CPU.ActiveCfg = Debug|Any CPU
		{C5DD4E20-1C90-4DE5-99C5-91B77096CD24}.Debug|Any CPU.Build.0 = Debug|Any CPU
		{C5DD4E20-1C90-4DE5-99C5-91B77096CD24}.Release|Any CPU.ActiveCfg = Release|Any CPU
		{C5DD4E20-1C90-4DE5-99C5-91B77096CD24}.Release|Any CPU.Build.0 = Release|Any CPU
		{02B90E83-FDE6-46F5-AEE4-1D00DC507023}.Debug|Any CPU.ActiveCfg = Debug|Any CPU
		{02B90E83-FDE6-46F5-AEE4-1D00DC507023}.Debug|Any CPU.Build.0 = Debug|Any CPU
		{02B90E83-FDE6-46F5-AEE4-1D00DC507023}.Release|Any CPU.ActiveCfg = Release|Any CPU
		{02B90E83-FDE6-46F5-AEE4-1D00DC507023}.Release|Any CPU.Build.0 = Release|Any CPU
	EndGlobalSection
	GlobalSection(SolutionProperties) = preSolution
		HideSolutionNode = FALSE
	EndGlobalSection
EndGlobal
